<?xml version="1.0" encoding="utf-8"?>
<Project ToolsVersion="4.0" xmlns="http://schemas.microsoft.com/developer/msbuild/2003">
  <ItemGroup>
    <ClCompile Include="ModuleCamera3D.cpp">
      <Filter>Engine\Modules</Filter>
    </ClCompile>
    <ClCompile Include="ModuleInput.cpp">
      <Filter>Engine\Modules</Filter>
    </ClCompile>
    <ClCompile Include="ModuleRenderer3D.cpp">
      <Filter>Engine\Modules</Filter>
    </ClCompile>
    <ClCompile Include="ModuleSceneIntro.cpp">
      <Filter>Engine\Modules</Filter>
    </ClCompile>
    <ClCompile Include="ModuleWindow.cpp">
      <Filter>Engine\Modules</Filter>
    </ClCompile>
    <ClCompile Include="Color.cpp">
      <Filter>Engine\Tools</Filter>
    </ClCompile>
    <ClCompile Include="Timer.cpp">
      <Filter>Engine\Tools</Filter>
    </ClCompile>
    <ClCompile Include="Application.cpp">
      <Filter>Engine\Based</Filter>
    </ClCompile>
    <ClCompile Include="Main.cpp">
      <Filter>Engine\Based</Filter>
    </ClCompile>
    <ClCompile Include="log.cpp">
      <Filter>Engine\Tools</Filter>
    </ClCompile>
    <ClCompile Include="glmath.cpp">
      <Filter>Engine</Filter>
    </ClCompile>
    <ClCompile Include="Light.cpp">
      <Filter>Engine</Filter>
    </ClCompile>
    <ClCompile Include="Primitive.cpp">
      <Filter>Engine</Filter>
    </ClCompile>
    <ClCompile Include="External\ImGui\imgui.cpp">
      <Filter>Engine\ImGui</Filter>
    </ClCompile>
    <ClCompile Include="External\ImGui\imgui_demo.cpp">
      <Filter>Engine\ImGui</Filter>
    </ClCompile>
    <ClCompile Include="External\ImGui\imgui_draw.cpp">
      <Filter>Engine\ImGui</Filter>
    </ClCompile>
    <ClCompile Include="External\ImGui\imgui_widgets.cpp">
      <Filter>Engine\ImGui</Filter>
    </ClCompile>
    <ClCompile Include="External\ImGui\imgui_impl_opengl3.cpp">
      <Filter>Engine\ImGui\impl</Filter>
    </ClCompile>
    <ClCompile Include="External\ImGui\imgui_impl_sdl.cpp">
      <Filter>Engine\ImGui\impl</Filter>
    </ClCompile>
    <ClCompile Include="ModuleGui.cpp">
      <Filter>Engine\Modules</Filter>
    </ClCompile>
    <ClCompile Include="External\ImGui\misc\cpp\imgui_stdlib.cpp">
      <Filter>Engine\ImGui\misc\cpp</Filter>
    </ClCompile>
  </ItemGroup>
  <ItemGroup>
    <ClInclude Include="Module.h">
      <Filter>Engine\Modules</Filter>
    </ClInclude>
    <ClInclude Include="ModuleCamera3D.h">
      <Filter>Engine\Modules</Filter>
    </ClInclude>
    <ClInclude Include="ModuleInput.h">
      <Filter>Engine\Modules</Filter>
    </ClInclude>
    <ClInclude Include="ModuleRenderer3D.h">
      <Filter>Engine\Modules</Filter>
    </ClInclude>
    <ClInclude Include="ModuleSceneIntro.h">
      <Filter>Engine\Modules</Filter>
    </ClInclude>
    <ClInclude Include="ModuleWindow.h">
      <Filter>Engine\Modules</Filter>
    </ClInclude>
    <ClInclude Include="Color.h">
      <Filter>Engine\Tools</Filter>
    </ClInclude>
    <ClInclude Include="Timer.h">
      <Filter>Engine\Tools</Filter>
    </ClInclude>
    <ClInclude Include="Application.h">
      <Filter>Engine\Based</Filter>
    </ClInclude>
    <ClInclude Include="Globals.h">
      <Filter>Engine\Based</Filter>
    </ClInclude>
    <ClInclude Include="glmath.h">
      <Filter>Engine</Filter>
    </ClInclude>
    <ClInclude Include="Light.h">
      <Filter>Engine</Filter>
    </ClInclude>
    <ClInclude Include="Primitive.h">
      <Filter>Engine</Filter>
    </ClInclude>
    <ClInclude Include="External\ImGui\imgui.h">
      <Filter>Engine\ImGui</Filter>
    </ClInclude>
    <ClInclude Include="External\ImGui\imgui_internal.h">
      <Filter>Engine\ImGui</Filter>
    </ClInclude>
    <ClInclude Include="External\ImGui\imstb_rectpack.h">
      <Filter>Engine\ImGui</Filter>
    </ClInclude>
    <ClInclude Include="External\ImGui\imstb_textedit.h">
      <Filter>Engine\ImGui</Filter>
    </ClInclude>
    <ClInclude Include="External\ImGui\imstb_truetype.h">
      <Filter>Engine\ImGui</Filter>
    </ClInclude>
    <ClInclude Include="External\ImGui\imgui_impl_opengl3.h">
      <Filter>Engine\ImGui\impl</Filter>
    </ClInclude>
    <ClInclude Include="External\ImGui\imgui_impl_sdl.h">
      <Filter>Engine\ImGui\impl</Filter>
    </ClInclude>
    <ClInclude Include="External\ImGui\imconfig.h">
      <Filter>Engine\ImGui</Filter>
    </ClInclude>
    <ClInclude Include="ModuleGui.h">
      <Filter>Engine\Modules</Filter>
    </ClInclude>
    <ClInclude Include="External\ImGui\misc\cpp\imgui_stdlib.h">
      <Filter>Engine\ImGui\misc\cpp</Filter>
    </ClInclude>
  </ItemGroup>
  <ItemGroup>
    <Filter Include="Engine">
      <UniqueIdentifier>{d2a9f576-31d7-4580-8040-6ffa27f5896e}</UniqueIdentifier>
    </Filter>
    <Filter Include="Engine\Modules">
      <UniqueIdentifier>{dc6751ca-1a84-44a8-9865-e82fee61793e}</UniqueIdentifier>
    </Filter>
    <Filter Include="Engine\Based">
      <UniqueIdentifier>{6734eb3b-894d-45c6-910f-f999ba2cbdf1}</UniqueIdentifier>
    </Filter>
    <Filter Include="Engine\Tools">
      <UniqueIdentifier>{0c1ecca8-671a-4fab-bd90-2d84ae29c686}</UniqueIdentifier>
    </Filter>
    <Filter Include="Engine\ImGui">
      <UniqueIdentifier>{b148fc02-87b1-4b5f-b329-00dcfc5d4aae}</UniqueIdentifier>
    </Filter>
    <Filter Include="Engine\ImGui\impl">
      <UniqueIdentifier>{edd1c75a-a277-4099-8e7f-9eaa5fc788aa}</UniqueIdentifier>
    </Filter>
    <Filter Include="Engine\ImGui\misc">
      <UniqueIdentifier>{a6cd51d8-f033-4544-918d-629e3f375690}</UniqueIdentifier>
    </Filter>
    <Filter Include="Engine\ImGui\misc\cpp">
      <UniqueIdentifier>{9db9f6b6-de0c-4d74-8314-dd192a0fb6d8}</UniqueIdentifier>
    </Filter>
  </ItemGroup>
</Project>